{
    "name": "node-red-node-sqlite",
    "version": "1.0.3",
    "lockfileVersion": 1,
    "requires": true,
    "dependencies": {
        "arch": {
            "version": "2.2.0",
            "resolved": "https://registry.npmjs.org/arch/-/arch-2.2.0.tgz",
            "integrity": "sha512-Of/R0wqp83cgHozfIYLbBMnej79U/SVGOOyuB3VVFv1NRM/PSFMK12x9KVtiYzJqmnU5WR2qp0Z5rHb7sWGnFQ=="
        },
        "debug": {
            "version": "4.3.4",
            "resolved": "https://registry.npmjs.org/debug/-/debug-4.3.4.tgz",
            "integrity": "sha512-PRWFHuSU3eDtQJPvnNY7Jcket1j0t5OuOsFzPPzsekD52Zl8qUfFIPEiswXqIvHWGVHOgX+7G/vCNNhehwxfkQ==",
            "requires": {
                "ms": "2.1.2"
            }
        },
        "ms": {
            "version": "2.1.2",
            "resolved": "https://registry.npmjs.org/ms/-/ms-2.1.2.tgz",
            "integrity": "sha512-sGkPx+VjMtmA6MX27oA4FBFELFCZZ4S4XqeGOXCv68tT+jb3vk/RyaKWP0PTKyWtmLSM0b+adUTEvbs1PEaH2w=="
        },
        "node-adodb": {
            "version": "5.0.3",
            "resolved": "https://registry.npmjs.org/node-adodb/-/node-adodb-5.0.3.tgz",
            "integrity": "sha512-xQnoe7mx3b7B0QeW6visiQ2VxlX6rYaol20Ka5jZVKcetxOsXM4lsxfEZDmlOOoVJq/6BeoqPJHm3aZ4vjY+Bg==",
            "requires": {
                "arch": "^2.1.1",
                "debug": "^4.1.1"
            }
        }
    }
}
